
Microsoft Visual Studio Solution File, Format Version 12.00
# Visual Studio Version 17
VisualStudioVersion = 17.11.35327.3
MinimumVisualStudioVersion = 10.0.40219.1
Project("{FAE04EC0-301F-11D3-BF4B-00C04F79EFBC}") = "ISNP142324 - Unidad 1", "ISNP142324 - Unidad 1\ISNP142324 - Unidad 1.csproj", "{6CDC220C-6E01-4E35-899A-25DE339902DA}"
EndProject
Global
	GlobalSection(SolutionConfigurationPlatforms) = preSolution
		Debug|Any CPU = Debug|Any CPU
		Release|Any CPU = Release|Any CPU
	EndGlobalSection
	GlobalSection(ProjectConfigurationPlatforms) = postSolution
		{6CDC220C-6E01-4E35-899A-25DE339902DA}.Debug|Any CPU.ActiveCfg = Debug|Any CPU
		{6CDC220C-6E01-4E35-899A-25DE339902DA}.Debug|Any CPU.Build.0 = Debug|Any CPU
		{6CDC220C-6E01-4E35-899A-25DE339902DA}.Release|Any CPU.ActiveCfg = Release|Any CPU
		{6CDC220C-6E01-4E35-899A-25DE339902DA}.Release|Any CPU.Build.0 = Release|Any CPU
	EndGlobalSection
	GlobalSection(SolutionProperties) = preSolution
		HideSolutionNode = FALSE
	EndGlobalSection
	GlobalSection(ExtensibilityGlobals) = postSolution
		SolutionGuid = {8ACF3228-3530-4237-B07A-691B3C981172}
	EndGlobalSection
EndGlobal
